
Microsoft Visual Studio Solution File, Format Version 12.00
# Visual Studio Version 17
VisualStudioVersion = 17.9.34616.47
MinimumVisualStudioVersion = 10.0.40219.1
Project("{9A19103F-16F7-4668-BE54-9A1E7A4F7556}") = "HomeHavenAPI", "HomeHavenAPI\HomeHavenAPI.csproj", "{9C551A17-AB6F-4CE7-A867-8918F2C06CEE}"
EndProject
Project("{9A19103F-16F7-4668-BE54-9A1E7A4F7556}") = "HomeHavenBlazorProject", "BlazorApp1\HomeHavenBlazorProject.csproj", "{3427726C-0290-42A0-A1EF-E416EDA5B59E}"
EndProject
Global
	GlobalSection(SolutionConfigurationPlatforms) = preSolution
		Debug|Any CPU = Debug|Any CPU
		Release|Any CPU = Release|Any CPU
	EndGlobalSection
	GlobalSection(ProjectConfigurationPlatforms) = postSolution
		{9C551A17-AB6F-4CE7-A867-8918F2C06CEE}.Debug|Any CPU.ActiveCfg = Debug|Any CPU
		{9C551A17-AB6F-4CE7-A867-8918F2C06CEE}.Debug|Any CPU.Build.0 = Debug|Any CPU
		{9C551A17-AB6F-4CE7-A867-8918F2C06CEE}.Release|Any CPU.ActiveCfg = Release|Any CPU
		{9C551A17-AB6F-4CE7-A867-8918F2C06CEE}.Release|Any CPU.Build.0 = Release|Any CPU
		{3427726C-0290-42A0-A1EF-E416EDA5B59E}.Debug|Any CPU.ActiveCfg = Debug|Any CPU
		{3427726C-0290-42A0-A1EF-E416EDA5B59E}.Debug|Any CPU.Build.0 = Debug|Any CPU
		{3427726C-0290-42A0-A1EF-E416EDA5B59E}.Release|Any CPU.ActiveCfg = Release|Any CPU
		{3427726C-0290-42A0-A1EF-E416EDA5B59E}.Release|Any CPU.Build.0 = Release|Any CPU
	EndGlobalSection
	GlobalSection(SolutionProperties) = preSolution
		HideSolutionNode = FALSE
	EndGlobalSection
	GlobalSection(ExtensibilityGlobals) = postSolution
		SolutionGuid = {92869BA3-401E-456C-938A-A28EEADECC42}
	EndGlobalSection
EndGlobal
